// !$*UTF8*$!
{
	archiveVersion = 1;
	classes = {
	};
	objectVersion = 46;
	objects = {

/* Begin PBXBuildFile section */
		742E6AC91D3295FF00F4BBD0 /* AppDelegate.swift in Sources */ = {isa = PBXBuildFile; fileRef = 742E6AC81D3295FF00F4BBD0 /* AppDelegate.swift */; };
		742E6ACB1D3295FF00F4BBD0 /* ViewController.swift in Sources */ = {isa = PBXBuildFile; fileRef = 742E6ACA1D3295FF00F4BBD0 /* ViewController.swift */; };
		742E6ACE1D3295FF00F4BBD0 /* Main.storyboard in Resources */ = {isa = PBXBuildFile; fileRef = 742E6ACC1D3295FF00F4BBD0 /* Main.storyboard */; };
		742E6AD01D3295FF00F4BBD0 /* Assets.xcassets in Resources */ = {isa = PBXBuildFile; fileRef = 742E6ACF1D3295FF00F4BBD0 /* Assets.xcassets */; };
		742E6AD31D3295FF00F4BBD0 /* LaunchScreen.storyboard in Resources */ = {isa = PBXBuildFile; fileRef = 742E6AD11D3295FF00F4BBD0 /* LaunchScreen.storyboard */; };
		742E6ADE1D3295FF00F4BBD0 /* tutorialDemoTests.swift in Sources */ = {isa = PBXBuildFile; fileRef = 742E6ADD1D3295FF00F4BBD0 /* tutorialDemoTests.swift */; };
		742E6AE91D3295FF00F4BBD0 /* tutorialDemoUITests.swift in Sources */ = {isa = PBXBuildFile; fileRef = 742E6AE81D3295FF00F4BBD0 /* tutorialDemoUITests.swift */; };
/* End PBXBuildFile section */

/* Begin PBXContainerItemProxy section */
		742E6ADA1D3295FF00F4BBD0 /* PBXContainerItemProxy */ = {
			isa = PBXContainerItemProxy;
			containerPortal = 742E6ABD1D3295FE00F4BBD0 /* Project object */;
			proxyType = 1;
			remoteGlobalIDString = 742E6AC41D3295FF00F4BBD0;
			remoteInfo = tutorialDemo;
		};
		742E6AE51D3295FF00F4BBD0 /* PBXContainerItemProxy */ = {
			isa = PBXContainerItemProxy;
			containerPortal = 742E6ABD1D3295FE00F4BBD0 /* Project object */;
			proxyType = 1;
			remoteGlobalIDString = 742E6AC41D3295FF00F4BBD0;
			remoteInfo = tutorialDemo;
		};
/* End PBXContainerItemProxy section */

/* Begin PBXFileReference section */
		742E6AC51D3295FF00F4BBD0 /* tutorialDemo.app */ = {isa = PBXFileReference; explicitFileType = wrapper.application; includeInIndex = 0; path = tutorialDemo.app; sourceTree = BUILT_PRODUCTS_DIR; };
		742E6AC81D3295FF00F4BBD0 /* AppDelegate.swift */ = {isa = PBXFileReference; lastKnownFileType = sourcecode.swift; path = AppDelegate.swift; sourceTree = "<group>"; };
		742E6ACA1D3295FF00F4BBD0 /* ViewController.swift */ = {isa = PBXFileReference; lastKnownFileType = sourcecode.swift; path = ViewController.swift; sourceTree = "<group>"; };
		742E6ACD1D3295FF00F4BBD0 /* Base */ = {isa = PBXFileReference; lastKnownFileType = file.storyboard; name = Base; path = Base.lproj/Main.storyboard; sourceTree = "<group>"; };
		742E6ACF1D3295FF00F4BBD0 /* Assets.xcassets */ = {isa = PBXFileReference; lastKnownFileType = folder.assetcatalog; path = Assets.xcassets; sourceTree = "<group>"; };
		742E6AD21D3295FF00F4BBD0 /* Base */ = {isa = PBXFileReference; lastKnownFileType = file.storyboard; name = Base; path = Base.lproj/LaunchScreen.storyboard; sourceTree = "<group>"; };
		742E6AD41D3295FF00F4BBD0 /* Info.plist */ = {isa = PBXFileReference; lastKnownFileType = text.plist.xml; path = Info.plist; sourceTree = "<group>"; };
		742E6AD91D3295FF00F4BBD0 /* tutorialDemoTests.xctest */ = {isa = PBXFileReference; explicitFileType = wrapper.cfbundle; includeInIndex = 0; path = tutorialDemoTests.xctest; sourceTree = BUILT_PRODUCTS_DIR; };
		742E6ADD1D3295FF00F4BBD0 /* tutorialDemoTests.swift */ = {isa = PBXFileReference; lastKnownFileType = sourcecode.swift; path = tutorialDemoTests.swift; sourceTree = "<group>"; };
		742E6ADF1D3295FF00F4BBD0 /* Info.plist */ = {isa = PBXFileReference; lastKnownFileType = text.plist.xml; path = Info.plist; sourceTree = "<group>"; };
		742E6AE41D3295FF00F4BBD0 /* tutorialDemoUITests.xctest */ = {isa = PBXFileReference; explicitFileType = wrapper.cfbundle; includeInIndex = 0; path = tutorialDemoUITests.xctest; sourceTree = BUILT_PRODUCTS_DIR; };
		742E6AE81D3295FF00F4BBD0 /* tutorialDemoUITests.swift */ = {isa = PBXFileReference; lastKnownFileType = sourcecode.swift; path = tutorialDemoUITests.swift; sourceTree = "<group>"; };
		742E6AEA1D3295FF00F4BBD0 /* Info.plist */ = {isa = PBXFileReference; lastKnownFileType = text.plist.xml; path = Info.plist; sourceTree = "<group>"; };
/* End PBXFileReference section */

/* Begin PBXFrameworksBuildPhase section */
		742E6AC21D3295FF00F4BBD0 /* Frameworks */ = {
			isa = PBXFrameworksBuildPhase;
			buildActionMask = 2147483647;
			files = (
			);
			runOnlyForDeploymentPostprocessing = 0;
		};
		742E6AD61D3295FF00F4BBD0 /* Frameworks */ = {
			isa = PBXFrameworksBuildPhase;
			buildActionMask = 2147483647;
			files = (
			);
			runOnlyForDeploymentPostprocessing = 0;
		};
		742E6AE11D3295FF00F4BBD0 /* Frameworks */ = {
			isa = PBXFrameworksBuildPhase;
			buildActionMask = 2147483647;
			files = (
			);
			runOnlyForDeploymentPostprocessing = 0;
		};
/* End PBXFrameworksBuildPhase section */

/* Begin PBXGroup section */
		742E6ABC1D3295FE00F4BBD0 = {
			isa = PBXGroup;
			children = (
				742E6AC71D3295FF00F4BBD0 /* tutorialDemo */,
				742E6ADC1D3295FF00F4BBD0 /* tutorialDemoTests */,
				742E6AE71D3295FF00F4BBD0 /* tutorialDemoUITests */,
				742E6AC61D3295FF00F4BBD0 /* Products */,
			);
			sourceTree = "<group>";
		};
		742E6AC61D3295FF00F4BBD0 /* Products */ = {
			isa = PBXGroup;
			children = (
				742E6AC51D3295FF00F4BBD0 /* tutorialDemo.app */,
				742E6AD91D3295FF00F4BBD0 /* tutorialDemoTests.xctest */,
				742E6AE41D3295FF00F4BBD0 /* tutorialDemoUITests.xctest */,
			);
			name = Products;
			sourceTree = "<group>";
		};
		742E6AC71D3295FF00F4BBD0 /* tutorialDemo */ = {
			isa = PBXGroup;
			children = (
				742E6AC81D3295FF00F4BBD0 /* AppDelegate.swift */,
				742E6ACA1D3295FF00F4BBD0 /* ViewController.swift */,
				742E6ACC1D3295FF00F4BBD0 /* Main.storyboard */,
				742E6ACF1D3295FF00F4BBD0 /* Assets.xcassets */,
				742E6AD11D3295FF00F4BBD0 /* LaunchScreen.storyboard */,
				742E6AD41D3295FF00F4BBD0 /* Info.plist */,
			);
			path = tutorialDemo;
			sourceTree = "<group>";
		};
		742E6ADC1D3295FF00F4BBD0 /* tutorialDemoTests */ = {
			isa = PBXGroup;
			children = (
				742E6ADD1D3295FF00F4BBD0 /* tutorialDemoTests.swift */,
				742E6ADF1D3295FF00F4BBD0 /* Info.plist */,
			);
			path = tutorialDemoTests;
			sourceTree = "<group>";
		};
		742E6AE71D3295FF00F4BBD0 /* tutorialDemoUITests */ = {
			isa = PBXGroup;
			children = (
				742E6AE81D3295FF00F4BBD0 /* tutorialDemoUITests.swift */,
				742E6AEA1D3295FF00F4BBD0 /* Info.plist */,
			);
			path = tutorialDemoUITests;
			sourceTree = "<group>";
		};
/* End PBXGroup section */

/* Begin PBXNativeTarget section */
		742E6AC41D3295FF00F4BBD0 /* tutorialDemo */ = {
			isa = PBXNativeTarget;
			buildConfigurationList = 742E6AED1D3295FF00F4BBD0 /* Build configuration list for PBXNativeTarget "tutorialDemo" */;
			buildPhases = (
				742E6AC11D3295FF00F4BBD0 /* Sources */,
				742E6AC21D3295FF00F4BBD0 /* Frameworks */,
				742E6AC31D3295FF00F4BBD0 /* Resources */,
			);
			buildRules = (
			);
			dependencies = (
			);
			name = tutorialDemo;
			productName = tutorialDemo;
			productReference = 742E6AC51D3295FF00F4BBD0 /* tutorialDemo.app */;
			productType = "com.apple.product-type.application";
		};
		742E6AD81D3295FF00F4BBD0 /* tutorialDemoTests */ = {
			isa = PBXNativeTarget;
			buildConfigurationList = 742E6AF01D3295FF00F4BBD0 /* Build configuration list for PBXNativeTarget "tutorialDemoTests" */;
			buildPhases = (
				742E6AD51D3295FF00F4BBD0 /* Sources */,
				742E6AD61D3295FF00F4BBD0 /* Frameworks */,
				742E6AD71D3295FF00F4BBD0 /* Resources */,
			);
			buildRules = (
			);
			dependencies = (
				742E6ADB1D3295FF00F4BBD0 /* PBXTargetDependency */,
			);
			name = tutorialDemoTests;
			productName = tutorialDemoTests;
			productReference = 742E6AD91D3295FF00F4BBD0 /* tutorialDemoTests.xctest */;
			productType = "com.apple.product-type.bundle.unit-test";
		};
		742E6AE31D3295FF00F4BBD0 /* tutorialDemoUITests */ = {
			isa = PBXNativeTarget;
			buildConfigurationList = 742E6AF31D3295FF00F4BBD0 /* Build configuration list for PBXNativeTarget "tutorialDemoUITests" */;
			buildPhases = (
				742E6AE01D3295FF00F4BBD0 /* Sources */,
				742E6AE11D3295FF00F4BBD0 /* Frameworks */,
				742E6AE21D3295FF00F4BBD0 /* Resources */,
			);
			buildRules = (
			);
			dependencies = (
				742E6AE61D3295FF00F4BBD0 /* PBXTargetDependency */,
			);
			name = tutorialDemoUITests;
			productName = tutorialDemoUITests;
			productReference = 742E6AE41D3295FF00F4BBD0 /* tutorialDemoUITests.xctest */;
			productType = "com.apple.product-type.bundle.ui-testing";
		};
/* End PBXNativeTarget section */

/* Begin PBXProject section */
		742E6ABD1D3295FE00F4BBD0 /* Project object */ = {
			isa = PBXProject;
			attributes = {
				LastSwiftUpdateCheck = 0730;
				LastUpgradeCheck = 0730;
				ORGANIZATIONNAME = "史鲁刚";
				TargetAttributes = {
					742E6AC41D3295FF00F4BBD0 = {
						CreatedOnToolsVersion = 7.3.1;
					};
					742E6AD81D3295FF00F4BBD0 = {
						CreatedOnToolsVersion = 7.3.1;
						DevelopmentTeam = TT7FTECSM6;
						TestTargetID = 742E6AC41D3295FF00F4BBD0;
					};
					742E6AE31D3295FF00F4BBD0 = {
						CreatedOnToolsVersion = 7.3.1;
						DevelopmentTeam = TT7FTECSM6;
						TestTargetID = 742E6AC41D3295FF00F4BBD0;
					};
				};
			};
			buildConfigurationList = 742E6AC01D3295FE00F4BBD0 /* Build configuration list for PBXProject "tutorialDemo" */;
			compatibilityVersion = "Xcode 3.2";
			developmentRegion = English;
			hasScannedForEncodings = 0;
			knownRegions = (
				en,
				Base,
			);
			mainGroup = 742E6ABC1D3295FE00F4BBD0;
			productRefGroup = 742E6AC61D3295FF00F4BBD0 /* Products */;
			projectDirPath = "";
			projectRoot = "";
			targets = (
				742E6AC41D3295FF00F4BBD0 /* tutorialDemo */,
				742E6AD81D3295FF00F4BBD0 /* tutorialDemoTests */,
				742E6AE31D3295FF00F4BBD0 /* tutorialDemoUITests */,
			);
		};
/* End PBXProject section */

/* Begin PBXResourcesBuildPhase section */
		742E6AC31D3295FF00F4BBD0 /* Resources */ = {
			isa = PBXResourcesBuildPhase;
			buildActionMask = 2147483647;
			files = (
				742E6AD31D3295FF00F4BBD0 /* LaunchScreen.storyboard in Resources */,
				742E6AD01D3295FF00F4BBD0 /* Assets.xcassets in Resources */,
				742E6ACE1D3295FF00F4BBD0 /* Main.storyboard in Resources */,
			);
			runOnlyForDeploymentPostprocessing = 0;
		};
		742E6AD71D3295FF00F4BBD0 /* Resources */ = {
			isa = PBXResourcesBuildPhase;
			buildActionMask = 2147483647;
			files = (
			);
			runOnlyForDeploymentPostprocessing = 0;
		};
		742E6AE21D3295FF00F4BBD0 /* Resources */ = {
			isa = PBXResourcesBuildPhase;
			buildActionMask = 2147483647;
			files = (
			);
			runOnlyForDeploymentPostprocessing = 0;
		};
/* End PBXResourcesBuildPhase section */

/* Begin PBXSourcesBuildPhase section */
		742E6AC11D3295FF00F4BBD0 /* Sources */ = {
			isa = PBXSourcesBuildPhase;
			buildActionMask = 2147483647;
			files = (
				742E6ACB1D3295FF00F4BBD0 /* ViewController.swift in Sources */,
				742E6AC91D3295FF00F4BBD0 /* AppDelegate.swift in Sources */,
			);
			runOnlyForDeploymentPostprocessing = 0;
		};
		742E6AD51D3295FF00F4BBD0 /* Sources */ = {
			isa = PBXSourcesBuildPhase;
			buildActionMask = 2147483647;
			files = (
				742E6ADE1D3295FF00F4BBD0 /* tutorialDemoTests.swift in Sources */,
			);
			runOnlyForDeploymentPostprocessing = 0;
		};
		742E6AE01D3295FF00F4BBD0 /* Sources */ = {
			isa = PBXSourcesBuildPhase;
			buildActionMask = 2147483647;
			files = (
				742E6AE91D3295FF00F4BBD0 /* tutorialDemoUITests.swift in Sources */,
			);
			runOnlyForDeploymentPostprocessing = 0;
		};
/* End PBXSourcesBuildPhase section */

/* Begin PBXTargetDependency section */
		742E6ADB1D3295FF00F4BBD0 /* PBXTargetDependency */ = {
			isa = PBXTargetDependency;
			target = 742E6AC41D3295FF00F4BBD0 /* tutorialDemo */;
			targetProxy = 742E6ADA1D3295FF00F4BBD0 /* PBXContainerItemProxy */;
		};
		742E6AE61D3295FF00F4BBD0 /* PBXTargetDependency */ = {
			isa = PBXTargetDependency;
			target = 742E6AC41D3295FF00F4BBD0 /* tutorialDemo */;
			targetProxy = 742E6AE51D3295FF00F4BBD0 /* PBXContainerItemProxy */;
		};
/* End PBXTargetDependency section */

/* Begin PBXVariantGroup section */
		742E6ACC1D3295FF00F4BBD0 /* Main.storyboard */ = {
			isa = PBXVariantGroup;
			children = (
				742E6ACD1D3295FF00F4BBD0 /* Base */,
			);
			name = Main.storyboard;
			sourceTree = "<group>";
		};
		742E6AD11D3295FF00F4BBD0 /* LaunchScreen.storyboard */ = {
			isa = PBXVariantGroup;
			children = (
				742E6AD21D3295FF00F4BBD0 /* Base */,
			);
			name = LaunchScreen.storyboard;
			sourceTree = "<group>";
		};
/* End PBXVariantGroup section */

/* Begin XCBuildConfiguration section */
		742E6AEB1D3295FF00F4BBD0 /* Debug */ = {
			isa = XCBuildConfiguration;
			buildSettings = {
				ALWAYS_SEARCH_USER_PATHS = NO;
				CLANG_ANALYZER_NONNULL = YES;
				CLANG_CXX_LANGUAGE_STANDARD = "gnu++0x";
				CLANG_CXX_LIBRARY = "libc++";
				CLANG_ENABLE_MODULES = YES;
				CLANG_ENABLE_OBJC_ARC = YES;
				CLANG_WARN_BOOL_CONVERSION = YES;
				CLANG_WARN_CONSTANT_CONVERSION = YES;
				CLANG_WARN_DIRECT_OBJC_ISA_USAGE = YES_ERROR;
				CLANG_WARN_EMPTY_BODY = YES;
				CLANG_WARN_ENUM_CONVERSION = YES;
				CLANG_WARN_INT_CONVERSION = YES;
				CLANG_WARN_OBJC_ROOT_CLASS = YES_ERROR;
				CLANG_WARN_UNREACHABLE_CODE = YES;
				CLANG_WARN__DUPLICATE_METHOD_MATCH = YES;
				"CODE_SIGN_IDENTITY[sdk=iphoneos*]" = "iPhone Developer";
				COPY_PHASE_STRIP = NO;
				DEBUG_INFORMATION_FORMAT = dwarf;
				ENABLE_STRICT_OBJC_MSGSEND = YES;
				ENABLE_TESTABILITY = YES;
				GCC_C_LANGUAGE_STANDARD = gnu99;
				GCC_DYNAMIC_NO_PIC = NO;
				GCC_NO_COMMON_BLOCKS = YES;
				GCC_OPTIMIZATION_LEVEL = 0;
				GCC_PREPROCESSOR_DEFINITIONS = (
					"DEBUG=1",
					"$(inherited)",
				);
				GCC_WARN_64_TO_32_BIT_CONVERSION = YES;
				GCC_WARN_ABOUT_RETURN_TYPE = YES_ERROR;
				GCC_WARN_UNDECLARED_SELECTOR = YES;
				GCC_WARN_UNINITIALIZED_AUTOS = YES_AGGRESSIVE;
				GCC_WARN_UNUSED_FUNCTION = YES;
				GCC_WARN_UNUSED_VARIABLE = YES;
				IPHONEOS_DEPLOYMENT_TARGET = 9.3;
				MTL_ENABLE_DEBUG_INFO = YES;
				ONLY_ACTIVE_ARCH = YES;
				SDKROOT = iphoneos;
				SWIFT_OPTIMIZATION_LEVEL = "-Onone";
				TARGETED_DEVICE_FAMILY = "1,2";
			};
			name = Debug;
		};
		742E6AEC1D3295FF00F4BBD0 /* Release */ = {
			isa = XCBuildConfiguration;
			buildSettings = {
				ALWAYS_SEARCH_USER_PATHS = NO;
				CLANG_ANALYZER_NONNULL = YES;
				CLANG_CXX_LANGUAGE_STANDARD = "gnu++0x";
				CLANG_CXX_LIBRARY = "libc++";
				CLANG_ENABLE_MODULES = YES;
				CLANG_ENABLE_OBJC_ARC = YES;
				CLANG_WARN_BOOL_CONVERSION = YES;
				CLANG_WARN_CONSTANT_CONVERSION = YES;
				CLANG_WARN_DIRECT_OBJC_ISA_USAGE = YES_ERROR;
				CLANG_WARN_EMPTY_BODY = YES;
				CLANG_WARN_ENUM_CONVERSION = YES;
				CLANG_WARN_INT_CONVERSION = YES;
				CLANG_WARN_OBJC_ROOT_CLASS = YES_ERROR;
				CLANG_WARN_UNREACHABLE_CODE = YES;
				CLANG_WARN__DUPLICATE_METHOD_MATCH = YES;
				"CODE_SIGN_IDENTITY[sdk=iphoneos*]" = "iPhone Developer";
				COPY_PHASE_STRIP = NO;
				DEBUG_INFORMATION_FORMAT = "dwarf-with-dsym";
				ENABLE_NS_ASSERTIONS = NO;
				ENABLE_STRICT_OBJC_MSGSEND = YES;
				GCC_C_LANGUAGE_STANDARD = gnu99;
				GCC_NO_COMMON_BLOCKS = YES;
				GCC_WARN_64_TO_32_BIT_CONVERSION = YES;
				GCC_WARN_ABOUT_RETURN_TYPE = YES_ERROR;
				GCC_WARN_UNDECLARED_SELECTOR = YES;
				GCC_WARN_UNINITIALIZED_AUTOS = YES_AGGRESSIVE;
				GCC_WARN_UNUSED_FUNCTION = YES;
				GCC_WARN_UNUSED_VARIABLE = YES;
				IPHONEOS_DEPLOYMENT_TARGET = 9.3;
				MTL_ENABLE_DEBUG_INFO = NO;
				SDKROOT = iphoneos;
				TARGETED_DEVICE_FAMILY = "1,2";
				VALIDATE_PRODUCT = YES;
			};
			name = Release;
		};
		742E6AEE1D3295FF00F4BBD0 /* Debug */ = {
			isa = XCBuildConfiguration;
			buildSettings = {
				ASSETCATALOG_COMPILER_APPICON_NAME = AppIcon;
				CODE_SIGN_IDENTITY = "iPhone Developer";
				INFOPLIST_FILE = tutorialDemo/Info.plist;
				LD_RUNPATH_SEARCH_PATHS = "$(inherited) @executable_path/Frameworks";
				PRODUCT_BUNDLE_IDENTIFIER = com.test.cn.tutorialDemo;
				PRODUCT_NAME = "$(TARGET_NAME)";
			};
			name = Debug;
		};
		742E6AEF1D3295FF00F4BBD0 /* Release */ = {
			isa = XCBuildConfiguration;
			buildSettings = {
				ASSETCATALOG_COMPILER_APPICON_NAME = AppIcon;
				CODE_SIGN_IDENTITY = "iPhone Developer";
				INFOPLIST_FILE = tutorialDemo/Info.plist;
				LD_RUNPATH_SEARCH_PATHS = "$(inherited) @executable_path/Frameworks";
				PRODUCT_BUNDLE_IDENTIFIER = com.test.cn.tutorialDemo;
				PRODUCT_NAME = "$(TARGET_NAME)";
			};
			name = Release;
		};
		742E6AF11D3295FF00F4BBD0 /* Debug */ = {
			isa = XCBuildConfiguration;
			buildSettings = {
				BUNDLE_LOADER = "$(TEST_HOST)";
				INFOPLIST_FILE = tutorialDemoTests/Info.plist;
				LD_RUNPATH_SEARCH_PATHS = "$(inherited) @executable_path/Frameworks @loader_path/Frameworks";
				PRODUCT_BUNDLE_IDENTIFIER = com.test.cn.tutorialDemoTests;
				PRODUCT_NAME = "$(TARGET_NAME)";
				TEST_HOST = "$(BUILT_PRODUCTS_DIR)/tutorialDemo.app/tutorialDemo";
			};
			name = Debug;
		};
		742E6AF21D3295FF00F4BBD0 /* Release */ = {
			isa = XCBuildConfiguration;
			buildSettings = {
				BUNDLE_LOADER = "$(TEST_HOST)";
				INFOPLIST_FILE = tutorialDemoTests/Info.plist;
				LD_RUNPATH_SEARCH_PATHS = "$(inherited) @executable_path/Frameworks @loader_path/Frameworks";
				PRODUCT_BUNDLE_IDENTIFIER = com.test.cn.tutorialDemoTests;
				PRODUCT_NAME = "$(TARGET_NAME)";
				TEST_HOST = "$(BUILT_PRODUCTS_DIR)/tutorialDemo.app/tutorialDemo";
			};
			name = Release;
		};
		742E6AF41D3295FF00F4BBD0 /* Debug */ = {
			isa = XCBuildConfiguration;
			buildSettings = {
				INFOPLIST_FILE = tutorialDemoUITests/Info.plist;
				LD_RUNPATH_SEARCH_PATHS = "$(inherited) @executable_path/Frameworks @loader_path/Frameworks";
				PRODUCT_BUNDLE_IDENTIFIER = com.test.cn.tutorialDemoUITests;
				PRODUCT_NAME = "$(TARGET_NAME)";
				TEST_TARGET_NAME = tutorialDemo;
			};
			name = Debug;
		};
		742E6AF51D3295FF00F4BBD0 /* Release */ = {
			isa = XCBuildConfiguration;
			buildSettings = {
				INFOPLIST_FILE = tutorialDemoUITests/Info.plist;
				LD_RUNPATH_SEARCH_PATHS = "$(inherited) @executable_path/Frameworks @loader_path/Frameworks";
				PRODUCT_BUNDLE_IDENTIFIER = com.test.cn.tutorialDemoUITests;
				PRODUCT_NAME = "$(TARGET_NAME)";
				TEST_TARGET_NAME = tutorialDemo;
			};
			name = Release;
		};
/* End XCBuildConfiguration section */

/* Begin XCConfigurationList section */
		742E6AC01D3295FE00F4BBD0 /* Build configuration list for PBXProject "tutorialDemo" */ = {
			isa = XCConfigurationList;
			buildConfigurations = (
				742E6AEB1D3295FF00F4BBD0 /* Debug */,
				742E6AEC1D3295FF00F4BBD0 /* Release */,
			);
			defaultConfigurationIsVisible = 0;
			defaultConfigurationName = Release;
		};
		742E6AED1D3295FF00F4BBD0 /* Build configuration list for PBXNativeTarget "tutorialDemo" */ = {
			isa = XCConfigurationList;
			buildConfigurations = (
				742E6AEE1D3295FF00F4BBD0 /* Debug */,
				742E6AEF1D3295FF00F4BBD0 /* Release */,
			);
			defaultConfigurationIsVisible = 0;
		};
		742E6AF01D3295FF00F4BBD0 /* Build configuration list for PBXNativeTarget "tutorialDemoTests" */ = {
			isa = XCConfigurationList;
			buildConfigurations = (
				742E6AF11D3295FF00F4BBD0 /* Debug */,
				742E6AF21D3295FF00F4BBD0 /* Release */,
			);
			defaultConfigurationIsVisible = 0;
		};
		742E6AF31D3295FF00F4BBD0 /* Build configuration list for PBXNativeTarget "tutorialDemoUITests" */ = {
			isa = XCConfigurationList;
			buildConfigurations = (
				742E6AF41D3295FF00F4BBD0 /* Debug */,
				742E6AF51D3295FF00F4BBD0 /* Release */,
			);
			defaultConfigurationIsVisible = 0;
		};
/* End XCConfigurationList section */
	};
	rootObject = 742E6ABD1D3295FE00F4BBD0 /* Project object */;
}
